
Microsoft Visual Studio Solution File, Format Version 12.00
# Visual Studio 15
Project("{FAE04EC0-301F-11D3-BF4B-00C04F79EFBC}") = "Assembly-CSharp", "Assembly-CSharp.csproj", "{4D2589A4-E5D7-AA0D-CF34-CE69002FC86C}"
EndProject
Project("{FAE04EC0-301F-11D3-BF4B-00C04F79EFBC}") = "Assembly-CSharp-Editor", "Assembly-CSharp-Editor.csproj", "{1778CB2E-D694-64C8-FDFD-48564C82C624}"
EndProject
Global
	GlobalSection(SolutionConfigurationPlatforms) = preSolution
		Debug|Any CPU = Debug|Any CPU
		Release|Any CPU = Release|Any CPU
	EndGlobalSection
	GlobalSection(ProjectConfigurationPlatforms) = postSolution
		{4D2589A4-E5D7-AA0D-CF34-CE69002FC86C}.Debug|Any CPU.ActiveCfg = Debug|Any CPU
		{4D2589A4-E5D7-AA0D-CF34-CE69002FC86C}.Debug|Any CPU.Build.0 = Debug|Any CPU
		{4D2589A4-E5D7-AA0D-CF34-CE69002FC86C}.Release|Any CPU.ActiveCfg = Release|Any CPU
		{4D2589A4-E5D7-AA0D-CF34-CE69002FC86C}.Release|Any CPU.Build.0 = Release|Any CPU
		{1778CB2E-D694-64C8-FDFD-48564C82C624}.Debug|Any CPU.ActiveCfg = Debug|Any CPU
		{1778CB2E-D694-64C8-FDFD-48564C82C624}.Debug|Any CPU.Build.0 = Debug|Any CPU
		{1778CB2E-D694-64C8-FDFD-48564C82C624}.Release|Any CPU.ActiveCfg = Release|Any CPU
		{1778CB2E-D694-64C8-FDFD-48564C82C624}.Release|Any CPU.Build.0 = Release|Any CPU
	EndGlobalSection
	GlobalSection(SolutionProperties) = preSolution
		HideSolutionNode = FALSE
	EndGlobalSection
EndGlobal
